
Microsoft Visual Studio Solution File, Format Version 12.00
# Visual Studio Version 17
VisualStudioVersion = 17.10.35013.160
MinimumVisualStudioVersion = 10.0.40219.1
Project("{FAE04EC0-301F-11D3-BF4B-00C04F79EFBC}") = "AppDating.API", "AppDating.API\AppDating.API.csproj", "{00554085-7F42-4457-A8E0-B1A9CE589C52}"
EndProject
Global
	GlobalSection(SolutionConfigurationPlatforms) = preSolution
		Debug|Any CPU = Debug|Any CPU
		Release|Any CPU = Release|Any CPU
	EndGlobalSection
	GlobalSection(ProjectConfigurationPlatforms) = postSolution
		{00554085-7F42-4457-A8E0-B1A9CE589C52}.Debug|Any CPU.ActiveCfg = Debug|Any CPU
		{00554085-7F42-4457-A8E0-B1A9CE589C52}.Debug|Any CPU.Build.0 = Debug|Any CPU
		{00554085-7F42-4457-A8E0-B1A9CE589C52}.Release|Any CPU.ActiveCfg = Release|Any CPU
		{00554085-7F42-4457-A8E0-B1A9CE589C52}.Release|Any CPU.Build.0 = Release|Any CPU
	EndGlobalSection
	GlobalSection(SolutionProperties) = preSolution
		HideSolutionNode = FALSE
	EndGlobalSection
	GlobalSection(ExtensibilityGlobals) = postSolution
		SolutionGuid = {9CF6C043-CF05-4AF0-BE90-20FADFF10106}
	EndGlobalSection
EndGlobal
